Microsoft Visual Studio Solution File, Format Version 11.00
# Visual Studio 2008

Project("{556C6A66-3294-F36D-43C8-CB972425AE73}") = "meltdown-development", "Assembly-CSharp-firstpass.csproj", "{C1E7EB68-DBCB-B9C5-5522-762379410D98}"
EndProject
Project("{556C6A66-3294-F36D-43C8-CB972425AE73}") = "meltdown-development", "Assembly-CSharp.csproj", "{BD9981BE-FDB8-0E57-224A-26FB2B4ACB18}"
EndProject
Project("{556C6A66-3294-F36D-43C8-CB972425AE73}") = "meltdown-development", "Assembly-UnityScript-firstpass.unityproj", "{8A0145D6-28EE-0EB6-25C7-58F82AAB3B8E}"
EndProject
Global
	GlobalSection(SolutionConfigurationPlatforms) = preSolution
		Debug|Any CPU = Debug|Any CPU
		Release|Any CPU = Release|Any CPU
	EndGlobalSection
	GlobalSection(ProjectConfigurationPlatforms) = postSolution
		{C1E7EB68-DBCB-B9C5-5522-762379410D98}.Debug|Any CPU.ActiveCfg = Debug|Any CPU
		{C1E7EB68-DBCB-B9C5-5522-762379410D98}.Debug|Any CPU.Build.0 = Debug|Any CPU
		{C1E7EB68-DBCB-B9C5-5522-762379410D98}.Release|Any CPU.ActiveCfg = Release|Any CPU
		{C1E7EB68-DBCB-B9C5-5522-762379410D98}.Release|Any CPU.Build.0 = Release|Any CPU
		{BD9981BE-FDB8-0E57-224A-26FB2B4ACB18}.Debug|Any CPU.ActiveCfg = Debug|Any CPU
		{BD9981BE-FDB8-0E57-224A-26FB2B4ACB18}.Debug|Any CPU.Build.0 = Debug|Any CPU
		{BD9981BE-FDB8-0E57-224A-26FB2B4ACB18}.Release|Any CPU.ActiveCfg = Release|Any CPU
		{BD9981BE-FDB8-0E57-224A-26FB2B4ACB18}.Release|Any CPU.Build.0 = Release|Any CPU
		{8A0145D6-28EE-0EB6-25C7-58F82AAB3B8E}.Debug|Any CPU.ActiveCfg = Debug|Any CPU
		{8A0145D6-28EE-0EB6-25C7-58F82AAB3B8E}.Debug|Any CPU.Build.0 = Debug|Any CPU
		{8A0145D6-28EE-0EB6-25C7-58F82AAB3B8E}.Release|Any CPU.ActiveCfg = Release|Any CPU
		{8A0145D6-28EE-0EB6-25C7-58F82AAB3B8E}.Release|Any CPU.Build.0 = Release|Any CPU
	EndGlobalSection
	GlobalSection(SolutionProperties) = preSolution
		HideSolutionNode = FALSE
	EndGlobalSection
		GlobalSection(MonoDevelopProperties) = preSolution
		StartupItem = Assembly-CSharp.csproj
		Policies = $0
		$0.TextStylePolicy = $1
		$1.inheritsSet = null
		$1.scope = text/x-csharp
		$0.CSharpFormattingPolicy = $2
		$2.inheritsSet = Mono
		$2.inheritsScope = text/x-csharp
		$2.scope = text/x-csharp
		$0.TextStylePolicy = $3
		$3.FileWidth = 120
		$3.TabWidth = 4
		$3.EolMarker = Unix
		$3.inheritsSet = Mono
		$3.inheritsScope = text/plain
		$3.scope = text/plain
	EndGlobalSection

EndGlobal
